
Microsoft Visual Studio Solution File, Format Version 12.00
# Visual Studio 14
VisualStudioVersion = 14.0.25420.1
MinimumVisualStudioVersion = 10.0.40219.1
Project("{FAE04EC0-301F-11D3-BF4B-00C04F79EFBC}") = "DogWalking", "DogWalking\DogWalking.csproj", "{130AB7EF-4FAE-4D20-BCFF-62ABB5D364F3}"
EndProject
Project("{FAE04EC0-301F-11D3-BF4B-00C04F79EFBC}") = "CountingMolecules", "CountingMolecules\CountingMolecules.csproj", "{251E4284-45E3-4B5A-AA2D-1AB2BE3573B6}"
EndProject
Project("{FAE04EC0-301F-11D3-BF4B-00C04F79EFBC}") = "LightGremlins", "LightGremlins\LightGremlins.csproj", "{857781AC-3319-444F-BA80-3A951E228C2E}"
EndProject
Project("{FAE04EC0-301F-11D3-BF4B-00C04F79EFBC}") = "EllipseArt", "EllipseArt\EllipseArt.csproj", "{FD459A8D-C269-4C5C-AF6C-44FAF3A13F83}"
EndProject
Project("{FAE04EC0-301F-11D3-BF4B-00C04F79EFBC}") = "IntiSet", "IntiSet\IntiSet.csproj", "{CAF2A178-DC3F-4A05-BA0F-B4DD448C305F}"
EndProject
Project("{FAE04EC0-301F-11D3-BF4B-00C04F79EFBC}") = "XtremeDriving", "XtremeDriving\XtremeDriving.csproj", "{D3D81BDE-BD37-441B-B04B-2AB782BA6C77}"
EndProject
Project("{FAE04EC0-301F-11D3-BF4B-00C04F79EFBC}") = "FoodTruck", "FoodTruck\FoodTruck.csproj", "{A991E0E8-32B2-4121-9A4E-8714F43958DB}"
EndProject
Project("{FAE04EC0-301F-11D3-BF4B-00C04F79EFBC}") = "MemoryManagement", "MemoryManagement\MemoryManagement.csproj", "{E8825F34-AB23-4BBB-A31E-EB07FEEC1432}"
EndProject
Project("{FAE04EC0-301F-11D3-BF4B-00C04F79EFBC}") = "NPalindromes", "NPalindromes\NPalindromes.csproj", "{BFCA40A0-F2C5-4BB4-86ED-59B396675324}"
EndProject
Project("{FAE04EC0-301F-11D3-BF4B-00C04F79EFBC}") = "GameOfStones", "GameOfStones\GameOfStones.csproj", "{535A3604-2792-411C-8D9F-455F0E378F6D}"
EndProject
Project("{FAE04EC0-301F-11D3-BF4B-00C04F79EFBC}") = "FlowerGames", "FlowerGames\FlowerGames.csproj", "{29F2A6D3-8809-49FB-9D3B-63589026CF3D}"
EndProject
Project("{FAE04EC0-301F-11D3-BF4B-00C04F79EFBC}") = "Kabloom", "Kabloom\Kabloom.csproj", "{F6420EFB-2775-4DCF-99BA-84A82DB722ED}"
EndProject
Project("{FAE04EC0-301F-11D3-BF4B-00C04F79EFBC}") = "AliceAndBobPlaySheldonsFavoriteGame", "AliceAndBobPlaySheldonsFavoriteGame\AliceAndBobPlaySheldonsFavoriteGame.csproj", "{41529824-68D4-4207-8BF7-CC9B90D6FC38}"
EndProject
Project("{FAE04EC0-301F-11D3-BF4B-00C04F79EFBC}") = "AlwaysBeInControl", "AlwaysBeInControl\AlwaysBeInControl.csproj", "{E56805EF-6D96-4E49-AE47-B345E7CFDE6D}"
EndProject
Project("{FAE04EC0-301F-11D3-BF4B-00C04F79EFBC}") = "MagicSquare", "MagicSquare\MagicSquare.csproj", "{3D00E093-BCBE-4A70-BCAB-CD3D6AF5FA09}"
EndProject
Project("{FAE04EC0-301F-11D3-BF4B-00C04F79EFBC}") = "MrPipposPizza", "MrPipposPizza\MrPipposPizza.csproj", "{4EC4DF09-45C7-41EC-A0C2-24CD5F039BC8}"
EndProject
Project("{FAE04EC0-301F-11D3-BF4B-00C04F79EFBC}") = "FullAdder", "FullAdder\FullAdder.csproj", "{D956E76B-344C-4E5E-B35F-32225FB0C1D3}"
EndProject
Project("{FAE04EC0-301F-11D3-BF4B-00C04F79EFBC}") = "GoldbachSecondConjecture", "GoldbachSecondConjecture\GoldbachSecondConjecture.csproj", "{3339E1D2-BF57-4A1F-BFC3-2AD907BC4E6F}"
EndProject
Project("{FAE04EC0-301F-11D3-BF4B-00C04F79EFBC}") = "DigitFun", "DigitFun\DigitFun.csproj", "{6BAE0111-C22A-4C42-BCE2-F51D4BFD3645}"
EndProject
Project("{FAE04EC0-301F-11D3-BF4B-00C04F79EFBC}") = "ZoomIn", "ZoomIn\ZoomIn.csproj", "{0907EBC6-9271-419E-886F-12F7BA0237A6}"
EndProject
Project("{FAE04EC0-301F-11D3-BF4B-00C04F79EFBC}") = "XtreneInSecurity", "XtreneInSecurity\XtreneInSecurity.csproj", "{1EC18760-8A7D-4241-B311-22AA83884259}"
EndProject
Project("{FAE04EC0-301F-11D3-BF4B-00C04F79EFBC}") = "Safety", "Safety\Safety.csproj", "{A825FE5D-915A-40B7-BE25-EEA7D31EF8F3}"
EndProject
Project("{FAE04EC0-301F-11D3-BF4B-00C04F79EFBC}") = "TacoStand", "TacoStand\TacoStand.csproj", "{C2323952-D50B-4AB7-B98D-73DB7B4D987C}"
EndProject
Project("{FAE04EC0-301F-11D3-BF4B-00C04F79EFBC}") = "BackToSquare1", "BackToSquare1\BackToSquare1.csproj", "{3BF728A2-29A6-4FB0-9009-A98E862F003F}"
EndProject
Project("{FAE04EC0-301F-11D3-BF4B-00C04F79EFBC}") = "ShorteningInTheRealWorld", "ShorteningInTheRealWorld\ShorteningInTheRealWorld.csproj", "{886C6555-86CD-4BCC-AF7E-8F745C59B4D7}"
EndProject
Global
	GlobalSection(SolutionConfigurationPlatforms) = preSolution
		Debug|Any CPU = Debug|Any CPU
		Release|Any CPU = Release|Any CPU
	EndGlobalSection
	GlobalSection(ProjectConfigurationPlatforms) = postSolution
		{130AB7EF-4FAE-4D20-BCFF-62ABB5D364F3}.Debug|Any CPU.ActiveCfg = Debug|Any CPU
		{130AB7EF-4FAE-4D20-BCFF-62ABB5D364F3}.Debug|Any CPU.Build.0 = Debug|Any CPU
		{130AB7EF-4FAE-4D20-BCFF-62ABB5D364F3}.Release|Any CPU.ActiveCfg = Release|Any CPU
		{130AB7EF-4FAE-4D20-BCFF-62ABB5D364F3}.Release|Any CPU.Build.0 = Release|Any CPU
		{251E4284-45E3-4B5A-AA2D-1AB2BE3573B6}.Debug|Any CPU.ActiveCfg = Debug|Any CPU
		{251E4284-45E3-4B5A-AA2D-1AB2BE3573B6}.Debug|Any CPU.Build.0 = Debug|Any CPU
		{251E4284-45E3-4B5A-AA2D-1AB2BE3573B6}.Release|Any CPU.ActiveCfg = Release|Any CPU
		{251E4284-45E3-4B5A-AA2D-1AB2BE3573B6}.Release|Any CPU.Build.0 = Release|Any CPU
		{857781AC-3319-444F-BA80-3A951E228C2E}.Debug|Any CPU.ActiveCfg = Debug|Any CPU
		{857781AC-3319-444F-BA80-3A951E228C2E}.Debug|Any CPU.Build.0 = Debug|Any CPU
		{857781AC-3319-444F-BA80-3A951E228C2E}.Release|Any CPU.ActiveCfg = Release|Any CPU
		{857781AC-3319-444F-BA80-3A951E228C2E}.Release|Any CPU.Build.0 = Release|Any CPU
		{FD459A8D-C269-4C5C-AF6C-44FAF3A13F83}.Debug|Any CPU.ActiveCfg = Debug|Any CPU
		{FD459A8D-C269-4C5C-AF6C-44FAF3A13F83}.Debug|Any CPU.Build.0 = Debug|Any CPU
		{FD459A8D-C269-4C5C-AF6C-44FAF3A13F83}.Release|Any CPU.ActiveCfg = Release|Any CPU
		{FD459A8D-C269-4C5C-AF6C-44FAF3A13F83}.Release|Any CPU.Build.0 = Release|Any CPU
		{CAF2A178-DC3F-4A05-BA0F-B4DD448C305F}.Debug|Any CPU.ActiveCfg = Debug|Any CPU
		{CAF2A178-DC3F-4A05-BA0F-B4DD448C305F}.Debug|Any CPU.Build.0 = Debug|Any CPU
		{CAF2A178-DC3F-4A05-BA0F-B4DD448C305F}.Release|Any CPU.ActiveCfg = Release|Any CPU
		{CAF2A178-DC3F-4A05-BA0F-B4DD448C305F}.Release|Any CPU.Build.0 = Release|Any CPU
		{D3D81BDE-BD37-441B-B04B-2AB782BA6C77}.Debug|Any CPU.ActiveCfg = Debug|Any CPU
		{D3D81BDE-BD37-441B-B04B-2AB782BA6C77}.Debug|Any CPU.Build.0 = Debug|Any CPU
		{D3D81BDE-BD37-441B-B04B-2AB782BA6C77}.Release|Any CPU.ActiveCfg = Release|Any CPU
		{D3D81BDE-BD37-441B-B04B-2AB782BA6C77}.Release|Any CPU.Build.0 = Release|Any CPU
		{A991E0E8-32B2-4121-9A4E-8714F43958DB}.Debug|Any CPU.ActiveCfg = Debug|Any CPU
		{A991E0E8-32B2-4121-9A4E-8714F43958DB}.Debug|Any CPU.Build.0 = Debug|Any CPU
		{A991E0E8-32B2-4121-9A4E-8714F43958DB}.Release|Any CPU.ActiveCfg = Release|Any CPU
		{A991E0E8-32B2-4121-9A4E-8714F43958DB}.Release|Any CPU.Build.0 = Release|Any CPU
		{E8825F34-AB23-4BBB-A31E-EB07FEEC1432}.Debug|Any CPU.ActiveCfg = Debug|Any CPU
		{E8825F34-AB23-4BBB-A31E-EB07FEEC1432}.Debug|Any CPU.Build.0 = Debug|Any CPU
		{E8825F34-AB23-4BBB-A31E-EB07FEEC1432}.Release|Any CPU.ActiveCfg = Release|Any CPU
		{E8825F34-AB23-4BBB-A31E-EB07FEEC1432}.Release|Any CPU.Build.0 = Release|Any CPU
		{BFCA40A0-F2C5-4BB4-86ED-59B396675324}.Debug|Any CPU.ActiveCfg = Debug|Any CPU
		{BFCA40A0-F2C5-4BB4-86ED-59B396675324}.Debug|Any CPU.Build.0 = Debug|Any CPU
		{BFCA40A0-F2C5-4BB4-86ED-59B396675324}.Release|Any CPU.ActiveCfg = Release|Any CPU
		{BFCA40A0-F2C5-4BB4-86ED-59B396675324}.Release|Any CPU.Build.0 = Release|Any CPU
		{535A3604-2792-411C-8D9F-455F0E378F6D}.Debug|Any CPU.ActiveCfg = Debug|Any CPU
		{535A3604-2792-411C-8D9F-455F0E378F6D}.Debug|Any CPU.Build.0 = Debug|Any CPU
		{535A3604-2792-411C-8D9F-455F0E378F6D}.Release|Any CPU.ActiveCfg = Release|Any CPU
		{535A3604-2792-411C-8D9F-455F0E378F6D}.Release|Any CPU.Build.0 = Release|Any CPU
		{29F2A6D3-8809-49FB-9D3B-63589026CF3D}.Debug|Any CPU.ActiveCfg = Debug|Any CPU
		{29F2A6D3-8809-49FB-9D3B-63589026CF3D}.Debug|Any CPU.Build.0 = Debug|Any CPU
		{29F2A6D3-8809-49FB-9D3B-63589026CF3D}.Release|Any CPU.ActiveCfg = Release|Any CPU
		{29F2A6D3-8809-49FB-9D3B-63589026CF3D}.Release|Any CPU.Build.0 = Release|Any CPU
		{F6420EFB-2775-4DCF-99BA-84A82DB722ED}.Debug|Any CPU.ActiveCfg = Debug|Any CPU
		{F6420EFB-2775-4DCF-99BA-84A82DB722ED}.Debug|Any CPU.Build.0 = Debug|Any CPU
		{F6420EFB-2775-4DCF-99BA-84A82DB722ED}.Release|Any CPU.ActiveCfg = Release|Any CPU
		{F6420EFB-2775-4DCF-99BA-84A82DB722ED}.Release|Any CPU.Build.0 = Release|Any CPU
		{41529824-68D4-4207-8BF7-CC9B90D6FC38}.Debug|Any CPU.ActiveCfg = Debug|Any CPU
		{41529824-68D4-4207-8BF7-CC9B90D6FC38}.Debug|Any CPU.Build.0 = Debug|Any CPU
		{41529824-68D4-4207-8BF7-CC9B90D6FC38}.Release|Any CPU.ActiveCfg = Release|Any CPU
		{41529824-68D4-4207-8BF7-CC9B90D6FC38}.Release|Any CPU.Build.0 = Release|Any CPU
		{E56805EF-6D96-4E49-AE47-B345E7CFDE6D}.Debug|Any CPU.ActiveCfg = Debug|Any CPU
		{E56805EF-6D96-4E49-AE47-B345E7CFDE6D}.Debug|Any CPU.Build.0 = Debug|Any CPU
		{E56805EF-6D96-4E49-AE47-B345E7CFDE6D}.Release|Any CPU.ActiveCfg = Release|Any CPU
		{E56805EF-6D96-4E49-AE47-B345E7CFDE6D}.Release|Any CPU.Build.0 = Release|Any CPU
		{3D00E093-BCBE-4A70-BCAB-CD3D6AF5FA09}.Debug|Any CPU.ActiveCfg = Debug|Any CPU
		{3D00E093-BCBE-4A70-BCAB-CD3D6AF5FA09}.Debug|Any CPU.Build.0 = Debug|Any CPU
		{3D00E093-BCBE-4A70-BCAB-CD3D6AF5FA09}.Release|Any CPU.ActiveCfg = Release|Any CPU
		{3D00E093-BCBE-4A70-BCAB-CD3D6AF5FA09}.Release|Any CPU.Build.0 = Release|Any CPU
		{4EC4DF09-45C7-41EC-A0C2-24CD5F039BC8}.Debug|Any CPU.ActiveCfg = Debug|Any CPU
		{4EC4DF09-45C7-41EC-A0C2-24CD5F039BC8}.Debug|Any CPU.Build.0 = Debug|Any CPU
		{4EC4DF09-45C7-41EC-A0C2-24CD5F039BC8}.Release|Any CPU.ActiveCfg = Release|Any CPU
		{4EC4DF09-45C7-41EC-A0C2-24CD5F039BC8}.Release|Any CPU.Build.0 = Release|Any CPU
		{D956E76B-344C-4E5E-B35F-32225FB0C1D3}.Debug|Any CPU.ActiveCfg = Debug|Any CPU
		{D956E76B-344C-4E5E-B35F-32225FB0C1D3}.Debug|Any CPU.Build.0 = Debug|Any CPU
		{D956E76B-344C-4E5E-B35F-32225FB0C1D3}.Release|Any CPU.ActiveCfg = Release|Any CPU
		{D956E76B-344C-4E5E-B35F-32225FB0C1D3}.Release|Any CPU.Build.0 = Release|Any CPU
		{3339E1D2-BF57-4A1F-BFC3-2AD907BC4E6F}.Debug|Any CPU.ActiveCfg = Debug|Any CPU
		{3339E1D2-BF57-4A1F-BFC3-2AD907BC4E6F}.Debug|Any CPU.Build.0 = Debug|Any CPU
		{3339E1D2-BF57-4A1F-BFC3-2AD907BC4E6F}.Release|Any CPU.ActiveCfg = Release|Any CPU
		{3339E1D2-BF57-4A1F-BFC3-2AD907BC4E6F}.Release|Any CPU.Build.0 = Release|Any CPU
		{6BAE0111-C22A-4C42-BCE2-F51D4BFD3645}.Debug|Any CPU.ActiveCfg = Debug|Any CPU
		{6BAE0111-C22A-4C42-BCE2-F51D4BFD3645}.Debug|Any CPU.Build.0 = Debug|Any CPU
		{6BAE0111-C22A-4C42-BCE2-F51D4BFD3645}.Release|Any CPU.ActiveCfg = Release|Any CPU
		{6BAE0111-C22A-4C42-BCE2-F51D4BFD3645}.Release|Any CPU.Build.0 = Release|Any CPU
		{0907EBC6-9271-419E-886F-12F7BA0237A6}.Debug|Any CPU.ActiveCfg = Debug|Any CPU
		{0907EBC6-9271-419E-886F-12F7BA0237A6}.Debug|Any CPU.Build.0 = Debug|Any CPU
		{0907EBC6-9271-419E-886F-12F7BA0237A6}.Release|Any CPU.ActiveCfg = Release|Any CPU
		{0907EBC6-9271-419E-886F-12F7BA0237A6}.Release|Any CPU.Build.0 = Release|Any CPU
		{1EC18760-8A7D-4241-B311-22AA83884259}.Debug|Any CPU.ActiveCfg = Debug|Any CPU
		{1EC18760-8A7D-4241-B311-22AA83884259}.Debug|Any CPU.Build.0 = Debug|Any CPU
		{1EC18760-8A7D-4241-B311-22AA83884259}.Release|Any CPU.ActiveCfg = Release|Any CPU
		{1EC18760-8A7D-4241-B311-22AA83884259}.Release|Any CPU.Build.0 = Release|Any CPU
		{A825FE5D-915A-40B7-BE25-EEA7D31EF8F3}.Debug|Any CPU.ActiveCfg = Debug|Any CPU
		{A825FE5D-915A-40B7-BE25-EEA7D31EF8F3}.Debug|Any CPU.Build.0 = Debug|Any CPU
		{A825FE5D-915A-40B7-BE25-EEA7D31EF8F3}.Release|Any CPU.ActiveCfg = Release|Any CPU
		{A825FE5D-915A-40B7-BE25-EEA7D31EF8F3}.Release|Any CPU.Build.0 = Release|Any CPU
		{C2323952-D50B-4AB7-B98D-73DB7B4D987C}.Debug|Any CPU.ActiveCfg = Debug|Any CPU
		{C2323952-D50B-4AB7-B98D-73DB7B4D987C}.Debug|Any CPU.Build.0 = Debug|Any CPU
		{C2323952-D50B-4AB7-B98D-73DB7B4D987C}.Release|Any CPU.ActiveCfg = Release|Any CPU
		{C2323952-D50B-4AB7-B98D-73DB7B4D987C}.Release|Any CPU.Build.0 = Release|Any CPU
		{3BF728A2-29A6-4FB0-9009-A98E862F003F}.Debug|Any CPU.ActiveCfg = Debug|Any CPU
		{3BF728A2-29A6-4FB0-9009-A98E862F003F}.Debug|Any CPU.Build.0 = Debug|Any CPU
		{3BF728A2-29A6-4FB0-9009-A98E862F003F}.Release|Any CPU.ActiveCfg = Release|Any CPU
		{3BF728A2-29A6-4FB0-9009-A98E862F003F}.Release|Any CPU.Build.0 = Release|Any CPU
		{886C6555-86CD-4BCC-AF7E-8F745C59B4D7}.Debug|Any CPU.ActiveCfg = Debug|Any CPU
		{886C6555-86CD-4BCC-AF7E-8F745C59B4D7}.Debug|Any CPU.Build.0 = Debug|Any CPU
		{886C6555-86CD-4BCC-AF7E-8F745C59B4D7}.Release|Any CPU.ActiveCfg = Release|Any CPU
		{886C6555-86CD-4BCC-AF7E-8F745C59B4D7}.Release|Any CPU.Build.0 = Release|Any CPU
	EndGlobalSection
	GlobalSection(SolutionProperties) = preSolution
		HideSolutionNode = FALSE
	EndGlobalSection
EndGlobal
