
Microsoft Visual Studio Solution File, Format Version 12.00
# Visual Studio 14
VisualStudioVersion = 14.0.25420.1
MinimumVisualStudioVersion = 10.0.40219.1
Project("{FAE04EC0-301F-11D3-BF4B-00C04F79EFBC}") = "DogWalking", "DogWalking\DogWalking.csproj", "{130AB7EF-4FAE-4D20-BCFF-62ABB5D364F3}"
EndProject
Project("{FAE04EC0-301F-11D3-BF4B-00C04F79EFBC}") = "CountingMolecules", "CountingMolecules\CountingMolecules.csproj", "{251E4284-45E3-4B5A-AA2D-1AB2BE3573B6}"
EndProject
Project("{FAE04EC0-301F-11D3-BF4B-00C04F79EFBC}") = "LightGremlins", "LightGremlins\LightGremlins.csproj", "{857781AC-3319-444F-BA80-3A951E228C2E}"
EndProject
Project("{FAE04EC0-301F-11D3-BF4B-00C04F79EFBC}") = "Playing20QuestionsWithAnUnreliableFriend", "Playing20QuestionsWithAnUnreliableFriend\Playing20QuestionsWithAnUnreliableFriend.csproj", "{5C69FFFB-541D-455D-95AB-F1E2B9526B33}"
EndProject
Project("{FAE04EC0-301F-11D3-BF4B-00C04F79EFBC}") = "EllipseArt", "EllipseArt\EllipseArt.csproj", "{FD459A8D-C269-4C5C-AF6C-44FAF3A13F83}"
EndProject
Project("{FAE04EC0-301F-11D3-BF4B-00C04F79EFBC}") = "IntiSet", "IntiSet\IntiSet.csproj", "{CAF2A178-DC3F-4A05-BA0F-B4DD448C305F}"
EndProject
Project("{FAE04EC0-301F-11D3-BF4B-00C04F79EFBC}") = "XtremeDriving", "XtremeDriving\XtremeDriving.csproj", "{D3D81BDE-BD37-441B-B04B-2AB782BA6C77}"
EndProject
Project("{FAE04EC0-301F-11D3-BF4B-00C04F79EFBC}") = "FoodTruck", "FoodTruck\FoodTruck.csproj", "{A991E0E8-32B2-4121-9A4E-8714F43958DB}"
EndProject
Project("{FAE04EC0-301F-11D3-BF4B-00C04F79EFBC}") = "MemoryManagement", "MemoryManagement\MemoryManagement.csproj", "{E8825F34-AB23-4BBB-A31E-EB07FEEC1432}"
EndProject
Project("{FAE04EC0-301F-11D3-BF4B-00C04F79EFBC}") = "NPalindromes", "NPalindromes\NPalindromes.csproj", "{BFCA40A0-F2C5-4BB4-86ED-59B396675324}"
EndProject
Project("{FAE04EC0-301F-11D3-BF4B-00C04F79EFBC}") = "GameOfStones", "GameOfStones\GameOfStones.csproj", "{535A3604-2792-411C-8D9F-455F0E378F6D}"
EndProject
Project("{FAE04EC0-301F-11D3-BF4B-00C04F79EFBC}") = "FlowerGames", "FlowerGames\FlowerGames.csproj", "{29F2A6D3-8809-49FB-9D3B-63589026CF3D}"
EndProject
Global
	GlobalSection(SolutionConfigurationPlatforms) = preSolution
		Debug|Any CPU = Debug|Any CPU
		Release|Any CPU = Release|Any CPU
	EndGlobalSection
	GlobalSection(ProjectConfigurationPlatforms) = postSolution
		{130AB7EF-4FAE-4D20-BCFF-62ABB5D364F3}.Debug|Any CPU.ActiveCfg = Debug|Any CPU
		{130AB7EF-4FAE-4D20-BCFF-62ABB5D364F3}.Debug|Any CPU.Build.0 = Debug|Any CPU
		{130AB7EF-4FAE-4D20-BCFF-62ABB5D364F3}.Release|Any CPU.ActiveCfg = Release|Any CPU
		{130AB7EF-4FAE-4D20-BCFF-62ABB5D364F3}.Release|Any CPU.Build.0 = Release|Any CPU
		{251E4284-45E3-4B5A-AA2D-1AB2BE3573B6}.Debug|Any CPU.ActiveCfg = Debug|Any CPU
		{251E4284-45E3-4B5A-AA2D-1AB2BE3573B6}.Debug|Any CPU.Build.0 = Debug|Any CPU
		{251E4284-45E3-4B5A-AA2D-1AB2BE3573B6}.Release|Any CPU.ActiveCfg = Release|Any CPU
		{251E4284-45E3-4B5A-AA2D-1AB2BE3573B6}.Release|Any CPU.Build.0 = Release|Any CPU
		{857781AC-3319-444F-BA80-3A951E228C2E}.Debug|Any CPU.ActiveCfg = Debug|Any CPU
		{857781AC-3319-444F-BA80-3A951E228C2E}.Debug|Any CPU.Build.0 = Debug|Any CPU
		{857781AC-3319-444F-BA80-3A951E228C2E}.Release|Any CPU.ActiveCfg = Release|Any CPU
		{857781AC-3319-444F-BA80-3A951E228C2E}.Release|Any CPU.Build.0 = Release|Any CPU
		{5C69FFFB-541D-455D-95AB-F1E2B9526B33}.Debug|Any CPU.ActiveCfg = Debug|Any CPU
		{5C69FFFB-541D-455D-95AB-F1E2B9526B33}.Debug|Any CPU.Build.0 = Debug|Any CPU
		{5C69FFFB-541D-455D-95AB-F1E2B9526B33}.Release|Any CPU.ActiveCfg = Release|Any CPU
		{5C69FFFB-541D-455D-95AB-F1E2B9526B33}.Release|Any CPU.Build.0 = Release|Any CPU
		{FD459A8D-C269-4C5C-AF6C-44FAF3A13F83}.Debug|Any CPU.ActiveCfg = Debug|Any CPU
		{FD459A8D-C269-4C5C-AF6C-44FAF3A13F83}.Debug|Any CPU.Build.0 = Debug|Any CPU
		{FD459A8D-C269-4C5C-AF6C-44FAF3A13F83}.Release|Any CPU.ActiveCfg = Release|Any CPU
		{FD459A8D-C269-4C5C-AF6C-44FAF3A13F83}.Release|Any CPU.Build.0 = Release|Any CPU
		{CAF2A178-DC3F-4A05-BA0F-B4DD448C305F}.Debug|Any CPU.ActiveCfg = Debug|Any CPU
		{CAF2A178-DC3F-4A05-BA0F-B4DD448C305F}.Debug|Any CPU.Build.0 = Debug|Any CPU
		{CAF2A178-DC3F-4A05-BA0F-B4DD448C305F}.Release|Any CPU.ActiveCfg = Release|Any CPU
		{CAF2A178-DC3F-4A05-BA0F-B4DD448C305F}.Release|Any CPU.Build.0 = Release|Any CPU
		{D3D81BDE-BD37-441B-B04B-2AB782BA6C77}.Debug|Any CPU.ActiveCfg = Debug|Any CPU
		{D3D81BDE-BD37-441B-B04B-2AB782BA6C77}.Debug|Any CPU.Build.0 = Debug|Any CPU
		{D3D81BDE-BD37-441B-B04B-2AB782BA6C77}.Release|Any CPU.ActiveCfg = Release|Any CPU
		{D3D81BDE-BD37-441B-B04B-2AB782BA6C77}.Release|Any CPU.Build.0 = Release|Any CPU
		{A991E0E8-32B2-4121-9A4E-8714F43958DB}.Debug|Any CPU.ActiveCfg = Debug|Any CPU
		{A991E0E8-32B2-4121-9A4E-8714F43958DB}.Debug|Any CPU.Build.0 = Debug|Any CPU
		{A991E0E8-32B2-4121-9A4E-8714F43958DB}.Release|Any CPU.ActiveCfg = Release|Any CPU
		{A991E0E8-32B2-4121-9A4E-8714F43958DB}.Release|Any CPU.Build.0 = Release|Any CPU
		{E8825F34-AB23-4BBB-A31E-EB07FEEC1432}.Debug|Any CPU.ActiveCfg = Debug|Any CPU
		{E8825F34-AB23-4BBB-A31E-EB07FEEC1432}.Debug|Any CPU.Build.0 = Debug|Any CPU
		{E8825F34-AB23-4BBB-A31E-EB07FEEC1432}.Release|Any CPU.ActiveCfg = Release|Any CPU
		{E8825F34-AB23-4BBB-A31E-EB07FEEC1432}.Release|Any CPU.Build.0 = Release|Any CPU
		{BFCA40A0-F2C5-4BB4-86ED-59B396675324}.Debug|Any CPU.ActiveCfg = Debug|Any CPU
		{BFCA40A0-F2C5-4BB4-86ED-59B396675324}.Debug|Any CPU.Build.0 = Debug|Any CPU
		{BFCA40A0-F2C5-4BB4-86ED-59B396675324}.Release|Any CPU.ActiveCfg = Release|Any CPU
		{BFCA40A0-F2C5-4BB4-86ED-59B396675324}.Release|Any CPU.Build.0 = Release|Any CPU
		{535A3604-2792-411C-8D9F-455F0E378F6D}.Debug|Any CPU.ActiveCfg = Debug|Any CPU
		{535A3604-2792-411C-8D9F-455F0E378F6D}.Debug|Any CPU.Build.0 = Debug|Any CPU
		{535A3604-2792-411C-8D9F-455F0E378F6D}.Release|Any CPU.ActiveCfg = Release|Any CPU
		{535A3604-2792-411C-8D9F-455F0E378F6D}.Release|Any CPU.Build.0 = Release|Any CPU
		{29F2A6D3-8809-49FB-9D3B-63589026CF3D}.Debug|Any CPU.ActiveCfg = Debug|Any CPU
		{29F2A6D3-8809-49FB-9D3B-63589026CF3D}.Debug|Any CPU.Build.0 = Debug|Any CPU
		{29F2A6D3-8809-49FB-9D3B-63589026CF3D}.Release|Any CPU.ActiveCfg = Release|Any CPU
		{29F2A6D3-8809-49FB-9D3B-63589026CF3D}.Release|Any CPU.Build.0 = Release|Any CPU
	EndGlobalSection
	GlobalSection(SolutionProperties) = preSolution
		HideSolutionNode = FALSE
	EndGlobalSection
EndGlobal
